
Microsoft Visual Studio Solution File, Format Version 12.00
# Visual Studio 15
VisualStudioVersion = 15.0.28307.1300
MinimumVisualStudioVersion = 10.0.40219.1
Project("{FAE04EC0-301F-11D3-BF4B-00C04F79EFBC}") = "ClientRest_047_ImamZakky", "ClientRest_047_ImamZakky\ClientRest_047_ImamZakky.csproj", "{EBD48754-685A-4F63-8704-2839207D43E8}"
EndProject
Global
	GlobalSection(SolutionConfigurationPlatforms) = preSolution
		Debug|Any CPU = Debug|Any CPU
		Release|Any CPU = Release|Any CPU
	EndGlobalSection
	GlobalSection(ProjectConfigurationPlatforms) = postSolution
		{EBD48754-685A-4F63-8704-2839207D43E8}.Debug|Any CPU.ActiveCfg = Debug|Any CPU
		{EBD48754-685A-4F63-8704-2839207D43E8}.Debug|Any CPU.Build.0 = Debug|Any CPU
		{EBD48754-685A-4F63-8704-2839207D43E8}.Release|Any CPU.ActiveCfg = Release|Any CPU
		{EBD48754-685A-4F63-8704-2839207D43E8}.Release|Any CPU.Build.0 = Release|Any CPU
	EndGlobalSection
	GlobalSection(SolutionProperties) = preSolution
		HideSolutionNode = FALSE
	EndGlobalSection
	GlobalSection(ExtensibilityGlobals) = postSolution
		SolutionGuid = {526CFFDF-0C92-442E-92FB-B45D875B280D}
	EndGlobalSection
EndGlobal
